
Microsoft Visual Studio Solution File, Format Version 12.00
# Visual Studio Version 17
VisualStudioVersion = 17.14.36414.22 d17.14
MinimumVisualStudioVersion = 10.0.40219.1
Project("{FAE04EC0-301F-11D3-BF4B-00C04F79EFBC}") = "Mainframe", "Mainframe\Mainframe\Mainframe.csproj", "{2267C98C-0F09-480B-ACC3-ECCD0C20C2ED}"
EndProject
Project("{FAE04EC0-301F-11D3-BF4B-00C04F79EFBC}") = "Mainframe.Client", "Mainframe\Mainframe.Client\Mainframe.Client.csproj", "{DB0B2143-537E-4230-BDDE-F2CE4F2560FD}"
EndProject
Global
	GlobalSection(SolutionConfigurationPlatforms) = preSolution
		Debug|Any CPU = Debug|Any CPU
		Release|Any CPU = Release|Any CPU
	EndGlobalSection
	GlobalSection(ProjectConfigurationPlatforms) = postSolution
		{2267C98C-0F09-480B-ACC3-ECCD0C20C2ED}.Debug|Any CPU.ActiveCfg = Debug|Any CPU
		{2267C98C-0F09-480B-ACC3-ECCD0C20C2ED}.Debug|Any CPU.Build.0 = Debug|Any CPU
		{2267C98C-0F09-480B-ACC3-ECCD0C20C2ED}.Release|Any CPU.ActiveCfg = Release|Any CPU
		{2267C98C-0F09-480B-ACC3-ECCD0C20C2ED}.Release|Any CPU.Build.0 = Release|Any CPU
		{DB0B2143-537E-4230-BDDE-F2CE4F2560FD}.Debug|Any CPU.ActiveCfg = Debug|Any CPU
		{DB0B2143-537E-4230-BDDE-F2CE4F2560FD}.Debug|Any CPU.Build.0 = Debug|Any CPU
		{DB0B2143-537E-4230-BDDE-F2CE4F2560FD}.Release|Any CPU.ActiveCfg = Release|Any CPU
		{DB0B2143-537E-4230-BDDE-F2CE4F2560FD}.Release|Any CPU.Build.0 = Release|Any CPU
	EndGlobalSection
	GlobalSection(SolutionProperties) = preSolution
		HideSolutionNode = FALSE
	EndGlobalSection
	GlobalSection(ExtensibilityGlobals) = postSolution
		SolutionGuid = {6D838716-B3BB-49B2-A900-A9F7A6C72A3A}
	EndGlobalSection
EndGlobal
